// !$*UTF8*$!
{
	archiveVersion = 1;
	classes = {
	};
	objectVersion = 50;
	objects = {

/* Begin PBXBuildFile section */
		1037E91A21C96084001C2F6B /* AppDelegate.swift in Sources */ = {isa = PBXBuildFile; fileRef = 1037E91921C96084001C2F6B /* AppDelegate.swift */; };
		1037E91C21C96084001C2F6B /* ContactViewController.swift in Sources */ = {isa = PBXBuildFile; fileRef = 1037E91B21C96084001C2F6B /* ContactViewController.swift */; };
		1037E91F21C96084001C2F6B /* Main.storyboard in Resources */ = {isa = PBXBuildFile; fileRef = 1037E91D21C96084001C2F6B /* Main.storyboard */; };
		1037E92421C96085001C2F6B /* Assets.xcassets in Resources */ = {isa = PBXBuildFile; fileRef = 1037E92321C96085001C2F6B /* Assets.xcassets */; };
		1037E92721C96085001C2F6B /* LaunchScreen.storyboard in Resources */ = {isa = PBXBuildFile; fileRef = 1037E92521C96085001C2F6B /* LaunchScreen.storyboard */; };
		1037E93221C96086001C2F6B /* ContactFormTests.swift in Sources */ = {isa = PBXBuildFile; fileRef = 1037E93121C96086001C2F6B /* ContactFormTests.swift */; };
		1037E93D21C96086001C2F6B /* ContactFormUITests.swift in Sources */ = {isa = PBXBuildFile; fileRef = 1037E93C21C96086001C2F6B /* ContactFormUITests.swift */; };
		1037E94C21C9F9B0001C2F6B /* SPInputView.swift in Sources */ = {isa = PBXBuildFile; fileRef = 1037E94B21C9F9B0001C2F6B /* SPInputView.swift */; };
		1037E94F21CA0446001C2F6B /* ItemStackable.swift in Sources */ = {isa = PBXBuildFile; fileRef = 1037E94E21CA0446001C2F6B /* ItemStackable.swift */; };
		1037E95321CA048F001C2F6B /* ContactViewmodel.swift in Sources */ = {isa = PBXBuildFile; fileRef = 1037E95221CA048F001C2F6B /* ContactViewmodel.swift */; };
		1037E95521CA1A83001C2F6B /* NibFileLoadable.swift in Sources */ = {isa = PBXBuildFile; fileRef = 1037E95421CA1A83001C2F6B /* NibFileLoadable.swift */; };
		1037E95721CA1C18001C2F6B /* SPInputView.xib in Resources */ = {isa = PBXBuildFile; fileRef = 1037E95621CA1C18001C2F6B /* SPInputView.xib */; };
		1037E95A21CA1EAC001C2F6B /* UIView+Extensions.swift in Sources */ = {isa = PBXBuildFile; fileRef = 1037E95921CA1EAC001C2F6B /* UIView+Extensions.swift */; };
		1037E96121CA7D72001C2F6B /* TextFieldEffects.swift in Sources */ = {isa = PBXBuildFile; fileRef = 1037E95F21CA7D72001C2F6B /* TextFieldEffects.swift */; };
		1037E96221CA7D72001C2F6B /* AkiraTextField.swift in Sources */ = {isa = PBXBuildFile; fileRef = 1037E96021CA7D72001C2F6B /* AkiraTextField.swift */; };
		1037E96421CAD777001C2F6B /* UITextField+Extensions.swift in Sources */ = {isa = PBXBuildFile; fileRef = 1037E96321CAD777001C2F6B /* UITextField+Extensions.swift */; };
		1037E96621CAD780001C2F6B /* Validators.swift in Sources */ = {isa = PBXBuildFile; fileRef = 1037E96521CAD780001C2F6B /* Validators.swift */; };
		1037E96921CAFEC9001C2F6B /* ContactForm.xcdatamodeld in Sources */ = {isa = PBXBuildFile; fileRef = 1037E96721CAFEC8001C2F6B /* ContactForm.xcdatamodeld */; };
		1037E97621CB3AE3001C2F6B /* CoreDataManager.swift in Sources */ = {isa = PBXBuildFile; fileRef = 1037E97521CB3AE3001C2F6B /* CoreDataManager.swift */; };
		1037E98121CB3CD7001C2F6B /* ContactInfo.swift in Sources */ = {isa = PBXBuildFile; fileRef = 1037E97F21CB3CD7001C2F6B /* ContactInfo.swift */; };
		1037E98221CB3CD7001C2F6B /* _ContactInfo.swift in Sources */ = {isa = PBXBuildFile; fileRef = 1037E98021CB3CD7001C2F6B /* _ContactInfo.swift */; };
/* End PBXBuildFile section */

/* Begin PBXContainerItemProxy section */
		1037E92E21C96086001C2F6B /* PBXContainerItemProxy */ = {
			isa = PBXContainerItemProxy;
			containerPortal = 1037E90E21C96083001C2F6B /* Project object */;
			proxyType = 1;
			remoteGlobalIDString = 1037E91521C96084001C2F6B;
			remoteInfo = ContactForm;
		};
		1037E93921C96086001C2F6B /* PBXContainerItemProxy */ = {
			isa = PBXContainerItemProxy;
			containerPortal = 1037E90E21C96083001C2F6B /* Project object */;
			proxyType = 1;
			remoteGlobalIDString = 1037E91521C96084001C2F6B;
			remoteInfo = ContactForm;
		};
/* End PBXContainerItemProxy section */

/* Begin PBXFileReference section */
		1037E91621C96084001C2F6B /* ContactForm.app */ = {isa = PBXFileReference; explicitFileType = wrapper.application; includeInIndex = 0; path = ContactForm.app; sourceTree = BUILT_PRODUCTS_DIR; };
		1037E91921C96084001C2F6B /* AppDelegate.swift */ = {isa = PBXFileReference; lastKnownFileType = sourcecode.swift; path = AppDelegate.swift; sourceTree = "<group>"; };
		1037E91B21C96084001C2F6B /* ContactViewController.swift */ = {isa = PBXFileReference; lastKnownFileType = sourcecode.swift; path = ContactViewController.swift; sourceTree = "<group>"; };
		1037E91E21C96084001C2F6B /* Base */ = {isa = PBXFileReference; lastKnownFileType = file.storyboard; name = Base; path = Base.lproj/Main.storyboard; sourceTree = "<group>"; };
		1037E92321C96085001C2F6B /* Assets.xcassets */ = {isa = PBXFileReference; lastKnownFileType = folder.assetcatalog; path = Assets.xcassets; sourceTree = "<group>"; };
		1037E92621C96085001C2F6B /* Base */ = {isa = PBXFileReference; lastKnownFileType = file.storyboard; name = Base; path = Base.lproj/LaunchScreen.storyboard; sourceTree = "<group>"; };
		1037E92821C96085001C2F6B /* Info.plist */ = {isa = PBXFileReference; lastKnownFileType = text.plist.xml; path = Info.plist; sourceTree = "<group>"; };
		1037E92D21C96086001C2F6B /* ContactFormTests.xctest */ = {isa = PBXFileReference; explicitFileType = wrapper.cfbundle; includeInIndex = 0; path = ContactFormTests.xctest; sourceTree = BUILT_PRODUCTS_DIR; };
		1037E93121C96086001C2F6B /* ContactFormTests.swift */ = {isa = PBXFileReference; lastKnownFileType = sourcecode.swift; path = ContactFormTests.swift; sourceTree = "<group>"; };
		1037E93321C96086001C2F6B /* Info.plist */ = {isa = PBXFileReference; lastKnownFileType = text.plist.xml; path = Info.plist; sourceTree = "<group>"; };
		1037E93821C96086001C2F6B /* ContactFormUITests.xctest */ = {isa = PBXFileReference; explicitFileType = wrapper.cfbundle; includeInIndex = 0; path = ContactFormUITests.xctest; sourceTree = BUILT_PRODUCTS_DIR; };
		1037E93C21C96086001C2F6B /* ContactFormUITests.swift */ = {isa = PBXFileReference; lastKnownFileType = sourcecode.swift; path = ContactFormUITests.swift; sourceTree = "<group>"; };
		1037E93E21C96086001C2F6B /* Info.plist */ = {isa = PBXFileReference; lastKnownFileType = text.plist.xml; path = Info.plist; sourceTree = "<group>"; };
		1037E94B21C9F9B0001C2F6B /* SPInputView.swift */ = {isa = PBXFileReference; lastKnownFileType = sourcecode.swift; path = SPInputView.swift; sourceTree = "<group>"; };
		1037E94E21CA0446001C2F6B /* ItemStackable.swift */ = {isa = PBXFileReference; lastKnownFileType = sourcecode.swift; path = ItemStackable.swift; sourceTree = "<group>"; };
		1037E95221CA048F001C2F6B /* ContactViewmodel.swift */ = {isa = PBXFileReference; lastKnownFileType = sourcecode.swift; path = ContactViewmodel.swift; sourceTree = "<group>"; };
		1037E95421CA1A83001C2F6B /* NibFileLoadable.swift */ = {isa = PBXFileReference; lastKnownFileType = sourcecode.swift; path = NibFileLoadable.swift; sourceTree = "<group>"; };
		1037E95621CA1C18001C2F6B /* SPInputView.xib */ = {isa = PBXFileReference; lastKnownFileType = file.xib; path = SPInputView.xib; sourceTree = "<group>"; };
		1037E95921CA1EAC001C2F6B /* UIView+Extensions.swift */ = {isa = PBXFileReference; lastKnownFileType = sourcecode.swift; path = "UIView+Extensions.swift"; sourceTree = "<group>"; };
		1037E95F21CA7D72001C2F6B /* TextFieldEffects.swift */ = {isa = PBXFileReference; fileEncoding = 4; lastKnownFileType = sourcecode.swift; path = TextFieldEffects.swift; sourceTree = "<group>"; };
		1037E96021CA7D72001C2F6B /* AkiraTextField.swift */ = {isa = PBXFileReference; fileEncoding = 4; lastKnownFileType = sourcecode.swift; path = AkiraTextField.swift; sourceTree = "<group>"; };
		1037E96321CAD777001C2F6B /* UITextField+Extensions.swift */ = {isa = PBXFileReference; fileEncoding = 4; lastKnownFileType = sourcecode.swift; path = "UITextField+Extensions.swift"; sourceTree = "<group>"; };
		1037E96521CAD780001C2F6B /* Validators.swift */ = {isa = PBXFileReference; fileEncoding = 4; lastKnownFileType = sourcecode.swift; path = Validators.swift; sourceTree = "<group>"; };
		1037E96821CAFEC8001C2F6B /* ContactForm.xcdatamodel */ = {isa = PBXFileReference; lastKnownFileType = wrapper.xcdatamodel; path = ContactForm.xcdatamodel; sourceTree = "<group>"; };
		1037E97521CB3AE3001C2F6B /* CoreDataManager.swift */ = {isa = PBXFileReference; fileEncoding = 4; lastKnownFileType = sourcecode.swift; path = CoreDataManager.swift; sourceTree = "<group>"; };
		1037E97F21CB3CD7001C2F6B /* ContactInfo.swift */ = {isa = PBXFileReference; fileEncoding = 4; lastKnownFileType = sourcecode.swift; path = ContactInfo.swift; sourceTree = "<group>"; };
		1037E98021CB3CD7001C2F6B /* _ContactInfo.swift */ = {isa = PBXFileReference; fileEncoding = 4; lastKnownFileType = sourcecode.swift; path = _ContactInfo.swift; sourceTree = "<group>"; };
/* End PBXFileReference section */

/* Begin PBXFrameworksBuildPhase section */
		1037E91321C96084001C2F6B /* Frameworks */ = {
			isa = PBXFrameworksBuildPhase;
			buildActionMask = 2147483647;
			files = (
			);
			runOnlyForDeploymentPostprocessing = 0;
		};
		1037E92A21C96086001C2F6B /* Frameworks */ = {
			isa = PBXFrameworksBuildPhase;
			buildActionMask = 2147483647;
			files = (
			);
			runOnlyForDeploymentPostprocessing = 0;
		};
		1037E93521C96086001C2F6B /* Frameworks */ = {
			isa = PBXFrameworksBuildPhase;
			buildActionMask = 2147483647;
			files = (
			);
			runOnlyForDeploymentPostprocessing = 0;
		};
/* End PBXFrameworksBuildPhase section */

/* Begin PBXGroup section */
		1037E90D21C96083001C2F6B = {
			isa = PBXGroup;
			children = (
				1037E91821C96084001C2F6B /* ContactForm */,
				1037E93021C96086001C2F6B /* ContactFormTests */,
				1037E93B21C96086001C2F6B /* ContactFormUITests */,
				1037E91721C96084001C2F6B /* Products */,
			);
			sourceTree = "<group>";
		};
		1037E91721C96084001C2F6B /* Products */ = {
			isa = PBXGroup;
			children = (
				1037E91621C96084001C2F6B /* ContactForm.app */,
				1037E92D21C96086001C2F6B /* ContactFormTests.xctest */,
				1037E93821C96086001C2F6B /* ContactFormUITests.xctest */,
			);
			name = Products;
			sourceTree = "<group>";
		};
		1037E91821C96084001C2F6B /* ContactForm */ = {
			isa = PBXGroup;
			children = (
				1037E95821CA1E99001C2F6B /* Extensions */,
				1037E95121CA0479001C2F6B /* ViewModel */,
				1037E95021CA0465001C2F6B /* Model */,
				1037E94D21CA0435001C2F6B /* Protocols */,
				1037E94A21C9F988001C2F6B /* AnimatedTextField */,
				1037E91921C96084001C2F6B /* AppDelegate.swift */,
				1037E91B21C96084001C2F6B /* ContactViewController.swift */,
				1037E97521CB3AE3001C2F6B /* CoreDataManager.swift */,
				1037E91D21C96084001C2F6B /* Main.storyboard */,
				1037E92321C96085001C2F6B /* Assets.xcassets */,
				1037E92521C96085001C2F6B /* LaunchScreen.storyboard */,
				1037E92821C96085001C2F6B /* Info.plist */,
			);
			path = ContactForm;
			sourceTree = "<group>";
		};
		1037E93021C96086001C2F6B /* ContactFormTests */ = {
			isa = PBXGroup;
			children = (
				1037E93121C96086001C2F6B /* ContactFormTests.swift */,
				1037E93321C96086001C2F6B /* Info.plist */,
			);
			path = ContactFormTests;
			sourceTree = "<group>";
		};
		1037E93B21C96086001C2F6B /* ContactFormUITests */ = {
			isa = PBXGroup;
			children = (
				1037E93C21C96086001C2F6B /* ContactFormUITests.swift */,
				1037E93E21C96086001C2F6B /* Info.plist */,
			);
			path = ContactFormUITests;
			sourceTree = "<group>";
		};
		1037E94A21C9F988001C2F6B /* AnimatedTextField */ = {
			isa = PBXGroup;
			children = (
				1037E96521CAD780001C2F6B /* Validators.swift */,
				1037E96021CA7D72001C2F6B /* AkiraTextField.swift */,
				1037E95F21CA7D72001C2F6B /* TextFieldEffects.swift */,
				1037E94B21C9F9B0001C2F6B /* SPInputView.swift */,
				1037E95621CA1C18001C2F6B /* SPInputView.xib */,
			);
			path = AnimatedTextField;
			sourceTree = "<group>";
		};
		1037E94D21CA0435001C2F6B /* Protocols */ = {
			isa = PBXGroup;
			children = (
				1037E94E21CA0446001C2F6B /* ItemStackable.swift */,
				1037E95421CA1A83001C2F6B /* NibFileLoadable.swift */,
			);
			path = Protocols;
			sourceTree = "<group>";
		};
		1037E95021CA0465001C2F6B /* Model */ = {
			isa = PBXGroup;
			children = (
				1037E98021CB3CD7001C2F6B /* _ContactInfo.swift */,
				1037E97F21CB3CD7001C2F6B /* ContactInfo.swift */,
				1037E96721CAFEC8001C2F6B /* ContactForm.xcdatamodeld */,
			);
			path = Model;
			sourceTree = "<group>";
		};
		1037E95121CA0479001C2F6B /* ViewModel */ = {
			isa = PBXGroup;
			children = (
				1037E95221CA048F001C2F6B /* ContactViewmodel.swift */,
			);
			path = ViewModel;
			sourceTree = "<group>";
		};
		1037E95821CA1E99001C2F6B /* Extensions */ = {
			isa = PBXGroup;
			children = (
				1037E96321CAD777001C2F6B /* UITextField+Extensions.swift */,
				1037E95921CA1EAC001C2F6B /* UIView+Extensions.swift */,
			);
			path = Extensions;
			sourceTree = "<group>";
		};
/* End PBXGroup section */

/* Begin PBXNativeTarget section */
		1037E91521C96084001C2F6B /* ContactForm */ = {
			isa = PBXNativeTarget;
			buildConfigurationList = 1037E94121C96086001C2F6B /* Build configuration list for PBXNativeTarget "ContactForm" */;
			buildPhases = (
				1037E91221C96084001C2F6B /* Sources */,
				1037E91321C96084001C2F6B /* Frameworks */,
				1037E91421C96084001C2F6B /* Resources */,
			);
			buildRules = (
			);
			dependencies = (
			);
			name = ContactForm;
			productName = ContactForm;
			productReference = 1037E91621C96084001C2F6B /* ContactForm.app */;
			productType = "com.apple.product-type.application";
		};
		1037E92C21C96086001C2F6B /* ContactFormTests */ = {
			isa = PBXNativeTarget;
			buildConfigurationList = 1037E94421C96086001C2F6B /* Build configuration list for PBXNativeTarget "ContactFormTests" */;
			buildPhases = (
				1037E92921C96086001C2F6B /* Sources */,
				1037E92A21C96086001C2F6B /* Frameworks */,
				1037E92B21C96086001C2F6B /* Resources */,
			);
			buildRules = (
			);
			dependencies = (
				1037E92F21C96086001C2F6B /* PBXTargetDependency */,
			);
			name = ContactFormTests;
			productName = ContactFormTests;
			productReference = 1037E92D21C96086001C2F6B /* ContactFormTests.xctest */;
			productType = "com.apple.product-type.bundle.unit-test";
		};
		1037E93721C96086001C2F6B /* ContactFormUITests */ = {
			isa = PBXNativeTarget;
			buildConfigurationList = 1037E94721C96086001C2F6B /* Build configuration list for PBXNativeTarget "ContactFormUITests" */;
			buildPhases = (
				1037E93421C96086001C2F6B /* Sources */,
				1037E93521C96086001C2F6B /* Frameworks */,
				1037E93621C96086001C2F6B /* Resources */,
			);
			buildRules = (
			);
			dependencies = (
				1037E93A21C96086001C2F6B /* PBXTargetDependency */,
			);
			name = ContactFormUITests;
			productName = ContactFormUITests;
			productReference = 1037E93821C96086001C2F6B /* ContactFormUITests.xctest */;
			productType = "com.apple.product-type.bundle.ui-testing";
		};
/* End PBXNativeTarget section */

/* Begin PBXProject section */
		1037E90E21C96083001C2F6B /* Project object */ = {
			isa = PBXProject;
			attributes = {
				LastSwiftUpdateCheck = 1010;
				LastUpgradeCheck = 1010;
				ORGANIZATIONNAME = "smitesh patel";
				TargetAttributes = {
					1037E91521C96084001C2F6B = {
						CreatedOnToolsVersion = 10.1;
						LastSwiftMigration = 1010;
					};
					1037E92C21C96086001C2F6B = {
						CreatedOnToolsVersion = 10.1;
						TestTargetID = 1037E91521C96084001C2F6B;
					};
					1037E93721C96086001C2F6B = {
						CreatedOnToolsVersion = 10.1;
						TestTargetID = 1037E91521C96084001C2F6B;
					};
				};
			};
			buildConfigurationList = 1037E91121C96083001C2F6B /* Build configuration list for PBXProject "ContactForm" */;
			compatibilityVersion = "Xcode 9.3";
			developmentRegion = en;
			hasScannedForEncodings = 0;
			knownRegions = (
				en,
				Base,
			);
			mainGroup = 1037E90D21C96083001C2F6B;
			productRefGroup = 1037E91721C96084001C2F6B /* Products */;
			projectDirPath = "";
			projectRoot = "";
			targets = (
				1037E91521C96084001C2F6B /* ContactForm */,
				1037E92C21C96086001C2F6B /* ContactFormTests */,
				1037E93721C96086001C2F6B /* ContactFormUITests */,
			);
		};
/* End PBXProject section */

/* Begin PBXResourcesBuildPhase section */
		1037E91421C96084001C2F6B /* Resources */ = {
			isa = PBXResourcesBuildPhase;
			buildActionMask = 2147483647;
			files = (
				1037E95721CA1C18001C2F6B /* SPInputView.xib in Resources */,
				1037E92721C96085001C2F6B /* LaunchScreen.storyboard in Resources */,
				1037E92421C96085001C2F6B /* Assets.xcassets in Resources */,
				1037E91F21C96084001C2F6B /* Main.storyboard in Resources */,
			);
			runOnlyForDeploymentPostprocessing = 0;
		};
		1037E92B21C96086001C2F6B /* Resources */ = {
			isa = PBXResourcesBuildPhase;
			buildActionMask = 2147483647;
			files = (
			);
			runOnlyForDeploymentPostprocessing = 0;
		};
		1037E93621C96086001C2F6B /* Resources */ = {
			isa = PBXResourcesBuildPhase;
			buildActionMask = 2147483647;
			files = (
			);
			runOnlyForDeploymentPostprocessing = 0;
		};
/* End PBXResourcesBuildPhase section */

/* Begin PBXSourcesBuildPhase section */
		1037E91221C96084001C2F6B /* Sources */ = {
			isa = PBXSourcesBuildPhase;
			buildActionMask = 2147483647;
			files = (
				1037E96421CAD777001C2F6B /* UITextField+Extensions.swift in Sources */,
				1037E94C21C9F9B0001C2F6B /* SPInputView.swift in Sources */,
				1037E95521CA1A83001C2F6B /* NibFileLoadable.swift in Sources */,
				1037E97621CB3AE3001C2F6B /* CoreDataManager.swift in Sources */,
				1037E95321CA048F001C2F6B /* ContactViewmodel.swift in Sources */,
				1037E91C21C96084001C2F6B /* ContactViewController.swift in Sources */,
				1037E98121CB3CD7001C2F6B /* ContactInfo.swift in Sources */,
				1037E96221CA7D72001C2F6B /* AkiraTextField.swift in Sources */,
				1037E91A21C96084001C2F6B /* AppDelegate.swift in Sources */,
				1037E96621CAD780001C2F6B /* Validators.swift in Sources */,
				1037E96921CAFEC9001C2F6B /* ContactForm.xcdatamodeld in Sources */,
				1037E95A21CA1EAC001C2F6B /* UIView+Extensions.swift in Sources */,
				1037E94F21CA0446001C2F6B /* ItemStackable.swift in Sources */,
				1037E98221CB3CD7001C2F6B /* _ContactInfo.swift in Sources */,
				1037E96121CA7D72001C2F6B /* TextFieldEffects.swift in Sources */,
			);
			runOnlyForDeploymentPostprocessing = 0;
		};
		1037E92921C96086001C2F6B /* Sources */ = {
			isa = PBXSourcesBuildPhase;
			buildActionMask = 2147483647;
			files = (
				1037E93221C96086001C2F6B /* ContactFormTests.swift in Sources */,
			);
			runOnlyForDeploymentPostprocessing = 0;
		};
		1037E93421C96086001C2F6B /* Sources */ = {
			isa = PBXSourcesBuildPhase;
			buildActionMask = 2147483647;
			files = (
				1037E93D21C96086001C2F6B /* ContactFormUITests.swift in Sources */,
			);
			runOnlyForDeploymentPostprocessing = 0;
		};
/* End PBXSourcesBuildPhase section */

/* Begin PBXTargetDependency section */
		1037E92F21C96086001C2F6B /* PBXTargetDependency */ = {
			isa = PBXTargetDependency;
			target = 1037E91521C96084001C2F6B /* ContactForm */;
			targetProxy = 1037E92E21C96086001C2F6B /* PBXContainerItemProxy */;
		};
		1037E93A21C96086001C2F6B /* PBXTargetDependency */ = {
			isa = PBXTargetDependency;
			target = 1037E91521C96084001C2F6B /* ContactForm */;
			targetProxy = 1037E93921C96086001C2F6B /* PBXContainerItemProxy */;
		};
/* End PBXTargetDependency section */

/* Begin PBXVariantGroup section */
		1037E91D21C96084001C2F6B /* Main.storyboard */ = {
			isa = PBXVariantGroup;
			children = (
				1037E91E21C96084001C2F6B /* Base */,
			);
			name = Main.storyboard;
			sourceTree = "<group>";
		};
		1037E92521C96085001C2F6B /* LaunchScreen.storyboard */ = {
			isa = PBXVariantGroup;
			children = (
				1037E92621C96085001C2F6B /* Base */,
			);
			name = LaunchScreen.storyboard;
			sourceTree = "<group>";
		};
/* End PBXVariantGroup section */

/* Begin XCBuildConfiguration section */
		1037E93F21C96086001C2F6B /* Debug */ = {
			isa = XCBuildConfiguration;
			buildSettings = {
				ALWAYS_SEARCH_USER_PATHS = NO;
				CLANG_ANALYZER_NONNULL = YES;
				CLANG_ANALYZER_NUMBER_OBJECT_CONVERSION = YES_AGGRESSIVE;
				CLANG_CXX_LANGUAGE_STANDARD = "gnu++14";
				CLANG_CXX_LIBRARY = "libc++";
				CLANG_ENABLE_MODULES = YES;
				CLANG_ENABLE_OBJC_ARC = YES;
				CLANG_ENABLE_OBJC_WEAK = YES;
				CLANG_WARN_BLOCK_CAPTURE_AUTORELEASING = YES;
				CLANG_WARN_BOOL_CONVERSION = YES;
				CLANG_WARN_COMMA = YES;
				CLANG_WARN_CONSTANT_CONVERSION = YES;
				CLANG_WARN_DEPRECATED_OBJC_IMPLEMENTATIONS = YES;
				CLANG_WARN_DIRECT_OBJC_ISA_USAGE = YES_ERROR;
				CLANG_WARN_DOCUMENTATION_COMMENTS = YES;
				CLANG_WARN_EMPTY_BODY = YES;
				CLANG_WARN_ENUM_CONVERSION = YES;
				CLANG_WARN_INFINITE_RECURSION = YES;
				CLANG_WARN_INT_CONVERSION = YES;
				CLANG_WARN_NON_LITERAL_NULL_CONVERSION = YES;
				CLANG_WARN_OBJC_IMPLICIT_RETAIN_SELF = YES;
				CLANG_WARN_OBJC_LITERAL_CONVERSION = YES;
				CLANG_WARN_OBJC_ROOT_CLASS = YES_ERROR;
				CLANG_WARN_RANGE_LOOP_ANALYSIS = YES;
				CLANG_WARN_STRICT_PROTOTYPES = YES;
				CLANG_WARN_SUSPICIOUS_MOVE = YES;
				CLANG_WARN_UNGUARDED_AVAILABILITY = YES_AGGRESSIVE;
				CLANG_WARN_UNREACHABLE_CODE = YES;
				CLANG_WARN__DUPLICATE_METHOD_MATCH = YES;
				CODE_SIGN_IDENTITY = "iPhone Developer";
				COPY_PHASE_STRIP = NO;
				DEBUG_INFORMATION_FORMAT = dwarf;
				ENABLE_STRICT_OBJC_MSGSEND = YES;
				ENABLE_TESTABILITY = YES;
				GCC_C_LANGUAGE_STANDARD = gnu11;
				GCC_DYNAMIC_NO_PIC = NO;
				GCC_NO_COMMON_BLOCKS = YES;
				GCC_OPTIMIZATION_LEVEL = 0;
				GCC_PREPROCESSOR_DEFINITIONS = (
					"DEBUG=1",
					"$(inherited)",
				);
				GCC_WARN_64_TO_32_BIT_CONVERSION = YES;
				GCC_WARN_ABOUT_RETURN_TYPE = YES_ERROR;
				GCC_WARN_UNDECLARED_SELECTOR = YES;
				GCC_WARN_UNINITIALIZED_AUTOS = YES_AGGRESSIVE;
				GCC_WARN_UNUSED_FUNCTION = YES;
				GCC_WARN_UNUSED_VARIABLE = YES;
				IPHONEOS_DEPLOYMENT_TARGET = 12.1;
				MTL_ENABLE_DEBUG_INFO = INCLUDE_SOURCE;
				MTL_FAST_MATH = YES;
				ONLY_ACTIVE_ARCH = YES;
				SDKROOT = iphoneos;
				SWIFT_ACTIVE_COMPILATION_CONDITIONS = DEBUG;
				SWIFT_OPTIMIZATION_LEVEL = "-Onone";
			};
			name = Debug;
		};
		1037E94021C96086001C2F6B /* Release */ = {
			isa = XCBuildConfiguration;
			buildSettings = {
				ALWAYS_SEARCH_USER_PATHS = NO;
				CLANG_ANALYZER_NONNULL = YES;
				CLANG_ANALYZER_NUMBER_OBJECT_CONVERSION = YES_AGGRESSIVE;
				CLANG_CXX_LANGUAGE_STANDARD = "gnu++14";
				CLANG_CXX_LIBRARY = "libc++";
				CLANG_ENABLE_MODULES = YES;
				CLANG_ENABLE_OBJC_ARC = YES;
				CLANG_ENABLE_OBJC_WEAK = YES;
				CLANG_WARN_BLOCK_CAPTURE_AUTORELEASING = YES;
				CLANG_WARN_BOOL_CONVERSION = YES;
				CLANG_WARN_COMMA = YES;
				CLANG_WARN_CONSTANT_CONVERSION = YES;
				CLANG_WARN_DEPRECATED_OBJC_IMPLEMENTATIONS = YES;
				CLANG_WARN_DIRECT_OBJC_ISA_USAGE = YES_ERROR;
				CLANG_WARN_DOCUMENTATION_COMMENTS = YES;
				CLANG_WARN_EMPTY_BODY = YES;
				CLANG_WARN_ENUM_CONVERSION = YES;
				CLANG_WARN_INFINITE_RECURSION = YES;
				CLANG_WARN_INT_CONVERSION = YES;
				CLANG_WARN_NON_LITERAL_NULL_CONVERSION = YES;
				CLANG_WARN_OBJC_IMPLICIT_RETAIN_SELF = YES;
				CLANG_WARN_OBJC_LITERAL_CONVERSION = YES;
				CLANG_WARN_OBJC_ROOT_CLASS = YES_ERROR;
				CLANG_WARN_RANGE_LOOP_ANALYSIS = YES;
				CLANG_WARN_STRICT_PROTOTYPES = YES;
				CLANG_WARN_SUSPICIOUS_MOVE = YES;
				CLANG_WARN_UNGUARDED_AVAILABILITY = YES_AGGRESSIVE;
				CLANG_WARN_UNREACHABLE_CODE = YES;
				CLANG_WARN__DUPLICATE_METHOD_MATCH = YES;
				CODE_SIGN_IDENTITY = "iPhone Developer";
				COPY_PHASE_STRIP = NO;
				DEBUG_INFORMATION_FORMAT = "dwarf-with-dsym";
				ENABLE_NS_ASSERTIONS = NO;
				ENABLE_STRICT_OBJC_MSGSEND = YES;
				GCC_C_LANGUAGE_STANDARD = gnu11;
				GCC_NO_COMMON_BLOCKS = YES;
				GCC_WARN_64_TO_32_BIT_CONVERSION = YES;
				GCC_WARN_ABOUT_RETURN_TYPE = YES_ERROR;
				GCC_WARN_UNDECLARED_SELECTOR = YES;
				GCC_WARN_UNINITIALIZED_AUTOS = YES_AGGRESSIVE;
				GCC_WARN_UNUSED_FUNCTION = YES;
				GCC_WARN_UNUSED_VARIABLE = YES;
				IPHONEOS_DEPLOYMENT_TARGET = 12.1;
				MTL_ENABLE_DEBUG_INFO = NO;
				MTL_FAST_MATH = YES;
				SDKROOT = iphoneos;
				SWIFT_COMPILATION_MODE = wholemodule;
				SWIFT_OPTIMIZATION_LEVEL = "-O";
				VALIDATE_PRODUCT = YES;
			};
			name = Release;
		};
		1037E94221C96086001C2F6B /* Debug */ = {
			isa = XCBuildConfiguration;
			buildSettings = {
				ASSETCATALOG_COMPILER_APPICON_NAME = AppIcon;
				CLANG_ENABLE_MODULES = YES;
				CODE_SIGN_STYLE = Automatic;
				INFOPLIST_FILE = ContactForm/Info.plist;
				LD_RUNPATH_SEARCH_PATHS = (
					"$(inherited)",
					"@executable_path/Frameworks",
				);
				PRODUCT_BUNDLE_IDENTIFIER = com.sp.codetest.ContactForm;
				PRODUCT_NAME = "$(TARGET_NAME)";
				SWIFT_OPTIMIZATION_LEVEL = "-Onone";
				SWIFT_VERSION = 4.2;
				TARGETED_DEVICE_FAMILY = "1,2";
			};
			name = Debug;
		};
		1037E94321C96086001C2F6B /* Release */ = {
			isa = XCBuildConfiguration;
			buildSettings = {
				ASSETCATALOG_COMPILER_APPICON_NAME = AppIcon;
				CLANG_ENABLE_MODULES = YES;
				CODE_SIGN_STYLE = Automatic;
				INFOPLIST_FILE = ContactForm/Info.plist;
				LD_RUNPATH_SEARCH_PATHS = (
					"$(inherited)",
					"@executable_path/Frameworks",
				);
				PRODUCT_BUNDLE_IDENTIFIER = com.sp.codetest.ContactForm;
				PRODUCT_NAME = "$(TARGET_NAME)";
				SWIFT_VERSION = 4.2;
				TARGETED_DEVICE_FAMILY = "1,2";
			};
			name = Release;
		};
		1037E94521C96086001C2F6B /* Debug */ = {
			isa = XCBuildConfiguration;
			buildSettings = {
				ALWAYS_EMBED_SWIFT_STANDARD_LIBRARIES = YES;
				BUNDLE_LOADER = "$(TEST_HOST)";
				CODE_SIGN_STYLE = Automatic;
				INFOPLIST_FILE = ContactFormTests/Info.plist;
				LD_RUNPATH_SEARCH_PATHS = (
					"$(inherited)",
					"@executable_path/Frameworks",
					"@loader_path/Frameworks",
				);
				PRODUCT_BUNDLE_IDENTIFIER = com.sp.codetest.ContactFormTests;
				PRODUCT_NAME = "$(TARGET_NAME)";
				SWIFT_VERSION = 4.2;
				TARGETED_DEVICE_FAMILY = "1,2";
				TEST_HOST = "$(BUILT_PRODUCTS_DIR)/ContactForm.app/ContactForm";
			};
			name = Debug;
		};
		1037E94621C96086001C2F6B /* Release */ = {
			isa = XCBuildConfiguration;
			buildSettings = {
				ALWAYS_EMBED_SWIFT_STANDARD_LIBRARIES = YES;
				BUNDLE_LOADER = "$(TEST_HOST)";
				CODE_SIGN_STYLE = Automatic;
				INFOPLIST_FILE = ContactFormTests/Info.plist;
				LD_RUNPATH_SEARCH_PATHS = (
					"$(inherited)",
					"@executable_path/Frameworks",
					"@loader_path/Frameworks",
				);
				PRODUCT_BUNDLE_IDENTIFIER = com.sp.codetest.ContactFormTests;
				PRODUCT_NAME = "$(TARGET_NAME)";
				SWIFT_VERSION = 4.2;
				TARGETED_DEVICE_FAMILY = "1,2";
				TEST_HOST = "$(BUILT_PRODUCTS_DIR)/ContactForm.app/ContactForm";
			};
			name = Release;
		};
		1037E94821C96086001C2F6B /* Debug */ = {
			isa = XCBuildConfiguration;
			buildSettings = {
				ALWAYS_EMBED_SWIFT_STANDARD_LIBRARIES = YES;
				CODE_SIGN_STYLE = Automatic;
				INFOPLIST_FILE = ContactFormUITests/Info.plist;
				LD_RUNPATH_SEARCH_PATHS = (
					"$(inherited)",
					"@executable_path/Frameworks",
					"@loader_path/Frameworks",
				);
				PRODUCT_BUNDLE_IDENTIFIER = com.sp.codetest.ContactFormUITests;
				PRODUCT_NAME = "$(TARGET_NAME)";
				SWIFT_VERSION = 4.2;
				TARGETED_DEVICE_FAMILY = "1,2";
				TEST_TARGET_NAME = ContactForm;
			};
			name = Debug;
		};
		1037E94921C96086001C2F6B /* Release */ = {
			isa = XCBuildConfiguration;
			buildSettings = {
				ALWAYS_EMBED_SWIFT_STANDARD_LIBRARIES = YES;
				CODE_SIGN_STYLE = Automatic;
				INFOPLIST_FILE = ContactFormUITests/Info.plist;
				LD_RUNPATH_SEARCH_PATHS = (
					"$(inherited)",
					"@executable_path/Frameworks",
					"@loader_path/Frameworks",
				);
				PRODUCT_BUNDLE_IDENTIFIER = com.sp.codetest.ContactFormUITests;
				PRODUCT_NAME = "$(TARGET_NAME)";
				SWIFT_VERSION = 4.2;
				TARGETED_DEVICE_FAMILY = "1,2";
				TEST_TARGET_NAME = ContactForm;
			};
			name = Release;
		};
/* End XCBuildConfiguration section */

/* Begin XCConfigurationList section */
		1037E91121C96083001C2F6B /* Build configuration list for PBXProject "ContactForm" */ = {
			isa = XCConfigurationList;
			buildConfigurations = (
				1037E93F21C96086001C2F6B /* Debug */,
				1037E94021C96086001C2F6B /* Release */,
			);
			defaultConfigurationIsVisible = 0;
			defaultConfigurationName = Release;
		};
		1037E94121C96086001C2F6B /* Build configuration list for PBXNativeTarget "ContactForm" */ = {
			isa = XCConfigurationList;
			buildConfigurations = (
				1037E94221C96086001C2F6B /* Debug */,
				1037E94321C96086001C2F6B /* Release */,
			);
			defaultConfigurationIsVisible = 0;
			defaultConfigurationName = Release;
		};
		1037E94421C96086001C2F6B /* Build configuration list for PBXNativeTarget "ContactFormTests" */ = {
			isa = XCConfigurationList;
			buildConfigurations = (
				1037E94521C96086001C2F6B /* Debug */,
				1037E94621C96086001C2F6B /* Release */,
			);
			defaultConfigurationIsVisible = 0;
			defaultConfigurationName = Release;
		};
		1037E94721C96086001C2F6B /* Build configuration list for PBXNativeTarget "ContactFormUITests" */ = {
			isa = XCConfigurationList;
			buildConfigurations = (
				1037E94821C96086001C2F6B /* Debug */,
				1037E94921C96086001C2F6B /* Release */,
			);
			defaultConfigurationIsVisible = 0;
			defaultConfigurationName = Release;
		};
/* End XCConfigurationList section */

/* Begin XCVersionGroup section */
		1037E96721CAFEC8001C2F6B /* ContactForm.xcdatamodeld */ = {
			isa = XCVersionGroup;
			children = (
				1037E96821CAFEC8001C2F6B /* ContactForm.xcdatamodel */,
			);
			currentVersion = 1037E96821CAFEC8001C2F6B /* ContactForm.xcdatamodel */;
			path = ContactForm.xcdatamodeld;
			sourceTree = "<group>";
			versionGroupType = wrapper.xcdatamodel;
		};
/* End XCVersionGroup section */
	};
	rootObject = 1037E90E21C96083001C2F6B /* Project object */;
}
